{
  "requires": true,
  "lockfileVersion": 1,
  "dependencies": {
    "batch-processor": {
      "version": "1.0.0",
      "resolved": "https://registry.npmjs.org/batch-processor/-/batch-processor-1.0.0.tgz",
      "integrity": "sha1-dclcMrdI4IUNEMKxaPa9vpiRrOg="
    },
    "element-resize-detector": {
      "version": "1.2.1",
      "resolved": "https://registry.npmjs.org/element-resize-detector/-/element-resize-detector-1.2.1.tgz",
      "integrity": "sha512-BdFsPepnQr9fznNPF9nF4vQ457U/ZJXQDSNF1zBe7yaga8v9AdZf3/NElYxFdUh7SitSGt040QygiTo6dtatIw==",
      "requires": {
        "batch-processor": "1.0.0"
      }
    }
  }
}
